
Microsoft Visual Studio Solution File, Format Version 12.00
# Visual Studio 15
VisualStudioVersion = 15.0.27703.2035
MinimumVisualStudioVersion = 10.0.40219.1
Project("{FAE04EC0-301F-11D3-BF4B-00C04F79EFBC}") = "Personalinfo", "Personalinfo\Personalinfo.csproj", "{CAF48C05-BD7B-4158-8042-753C6189BA53}"
EndProject
Global
	GlobalSection(SolutionConfigurationPlatforms) = preSolution
		Debug|Any CPU = Debug|Any CPU
		Release|Any CPU = Release|Any CPU
	EndGlobalSection
	GlobalSection(ProjectConfigurationPlatforms) = postSolution
		{CAF48C05-BD7B-4158-8042-753C6189BA53}.Debug|Any CPU.ActiveCfg = Debug|Any CPU
		{CAF48C05-BD7B-4158-8042-753C6189BA53}.Debug|Any CPU.Build.0 = Debug|Any CPU
		{CAF48C05-BD7B-4158-8042-753C6189BA53}.Release|Any CPU.ActiveCfg = Release|Any CPU
		{CAF48C05-BD7B-4158-8042-753C6189BA53}.Release|Any CPU.Build.0 = Release|Any CPU
	EndGlobalSection
	GlobalSection(SolutionProperties) = preSolution
		HideSolutionNode = FALSE
	EndGlobalSection
	GlobalSection(ExtensibilityGlobals) = postSolution
		SolutionGuid = {20E1CBFA-8CA9-4744-9CB6-A627AB8C62FF}
	EndGlobalSection
EndGlobal
